<?xml version="1.0" encoding="UTF-8" standalone="yes" ?>
<CodeBlocks_project_file>
	<FileVersion major="1" minor="6" />
	<Project>
		<Option title="template" />
		<Option pch_mode="2" />
		<Option compiler="gcc" />
		<Build>
			<Target title="Debug Win32">
				<Option output="template" prefix_auto="1" extension_auto="1" />
				<Option type="0" />
				<Option compiler="gcc" />
				<Compiler>
					<Add option="-DWIN32" />
					<Add option="-D_DEBUG" />
					<Add option="-D_CONSOLE" />
				</Compiler>
			</Target>
			<Target title="Release Win32">
				<Option output="template" prefix_auto="1" extension_auto="1" />
				<Option type="0" />
				<Option compiler="gcc" />
				<Compiler>
					<Add option="-DWIN32" />
					<Add option="-DNDEBUG" />
					<Add option="-D_CONSOLE" />
				</Compiler>
			</Target>
		</Build>
		<Unit filename="BFS.cpp">
			<Option compile="0" />
			<Option link="0" />
		</Unit>
		<Unit filename="BigInteger.cpp">
			<Option compile="0" />
			<Option link="0" />
		</Unit>
		<Unit filename="DFS.cpp">
			<Option compile="0" />
			<Option link="0" />
		</Unit>
		<Unit filename="Fenwick.cpp">
			<Option compile="0" />
			<Option link="0" />
		</Unit>
		<Unit filename="KMP.cpp">
			<Option compile="0" />
			<Option link="0" />
		</Unit>
		<Unit filename="advanced_trie.cpp">
			<Option compile="0" />
			<Option link="0" />
		</Unit>
		<Unit filename="funcs.cpp">
			<Option compile="0" />
			<Option link="0" />
		</Unit>
		<Unit filename="harvest.in" />
		<Unit filename="harvest.out" />
		<Unit filename="main.cpp">
			<Option compile="0" />
			<Option link="0" />
		</Unit>
		<Unit filename="miscellaneous.cpp">
			<Option compile="0" />
			<Option link="0" />
		</Unit>
		<Unit filename="sqrt.cpp">
			<Option compile="0" />
			<Option link="0" />
		</Unit>
		<Unit filename="template_backing.cpp">
			<Option compile="0" />
			<Option link="0" />
		</Unit>
		<Unit filename="topological sort.cpp">
			<Option compile="0" />
			<Option link="0" />
		</Unit>
		<Unit filename="tree.cpp">
			<Option compile="0" />
			<Option link="0" />
		</Unit>
		<Extensions>
			<code_completion />
			<envvars />
			<debugger />
			<lib_finder disable_auto="1" />
		</Extensions>
	</Project>
</CodeBlocks_project_file>
